#RULES.ioc
include $(CONFIG)/RULES.ioc

XSPRESS3_PREFIX=XSPRESS3
XSPRESS3_CONFIG:=$(abspath $(XSPRESS3))/xspress3_settings
XSPRESS3_SAVE:=$(abspath $(TOP))/save
XSPRESS3_DATA=/home/xspress3/data

USR_BOOT_FLAGS+=-MXSPRESS3_PREFIX=$(XSPRESS3_PREFIX)
USR_BOOT_FLAGS+=-MXSPRESS3_CONFIG=$(abspath $(XSPRESS3_CONFIG))
USR_BOOT_FLAGS+=-MXSPRESS3_SAVE=$(abspath $(XSPRESS3_SAVE))
USR_BOOT_FLAGS+=-MXSPRESS3_DATA=$(abspath $(XSPRESS3_DATA))
USR_BOOT_FLAGS+=-MXSPRESS3_ABSPATH=$(abspath $(XSPRESS3))
USR_BOOT_FLAGS+=-MINSTALL=$(abspath $(TOP))

# Create a .boot file from a .src file
%.boot: %.src $(wildcard $(TOP)/configure/RELEASE $(TOP)/configure/RELEASE.private)
	$(MSI) $(SYS_BOOT_FLAGS) $(USR_BOOT_FLAGS) $< > $@
